
Microsoft Visual Studio Solution File, Format Version 12.00
# Visual Studio Version 16
VisualStudioVersion = 16.0.29102.190
MinimumVisualStudioVersion = 10.0.40219.1
Project("{2150E333-8FDC-42A3-9474-1A3956D46DE8}") = "Backend", "Backend", "{097C8741-EBBE-46F3-B39A-1E32C8F69B99}"
EndProject
Project("{9A19103F-16F7-4668-BE54-9A1E7A4F7556}") = "CasePhone.Web", "CasePhone.Web\CasePhone.Web.csproj", "{F0A6AA64-FEC3-40CD-80C0-838E958C502E}"
EndProject
Project("{2150E333-8FDC-42A3-9474-1A3956D46DE8}") = "FrontEnd", "FrontEnd", "{9733B82B-BC49-4951-842E-9EB1CAEB65DE}"
EndProject
Project("{2150E333-8FDC-42A3-9474-1A3956D46DE8}") = "Classic", "Classic", "{B98903EC-4CE5-4D84-8CCD-BB095B1872D7}"
EndProject
Project("{2150E333-8FDC-42A3-9474-1A3956D46DE8}") = "Forms", "Forms", "{5E67708E-98DB-4545-B2B7-219529496ED8}"
EndProject
Project("{FAE04EC0-301F-11D3-BF4B-00C04F79EFBC}") = "CasePhone.UIForms.Android", "CasePhone.UIForms\CasePhone.UIForms.Android\CasePhone.UIForms.Android.csproj", "{03C7E175-CDD4-4118-924B-28FA49EC8C2D}"
EndProject
Project("{FAE04EC0-301F-11D3-BF4B-00C04F79EFBC}") = "CasePhone.UIForms.iOS", "CasePhone.UIForms\CasePhone.UIForms.iOS\CasePhone.UIForms.iOS.csproj", "{3CC8B732-9107-449F-8646-7155EA1A0310}"
EndProject
Project("{FAE04EC0-301F-11D3-BF4B-00C04F79EFBC}") = "CasePhone.UIForms", "CasePhone.UIForms\CasePhone.UIForms\CasePhone.UIForms.csproj", "{E745652D-B263-481C-982B-6B1D25F909B7}"
EndProject
Global
	GlobalSection(SolutionConfigurationPlatforms) = preSolution
		Debug|Any CPU = Debug|Any CPU
		Debug|iPhone = Debug|iPhone
		Debug|iPhoneSimulator = Debug|iPhoneSimulator
		Release|Any CPU = Release|Any CPU
		Release|iPhone = Release|iPhone
		Release|iPhoneSimulator = Release|iPhoneSimulator
	EndGlobalSection
	GlobalSection(ProjectConfigurationPlatforms) = postSolution
		{F0A6AA64-FEC3-40CD-80C0-838E958C502E}.Debug|Any CPU.ActiveCfg = Debug|Any CPU
		{F0A6AA64-FEC3-40CD-80C0-838E958C502E}.Debug|Any CPU.Build.0 = Debug|Any CPU
		{F0A6AA64-FEC3-40CD-80C0-838E958C502E}.Debug|iPhone.ActiveCfg = Debug|Any CPU
		{F0A6AA64-FEC3-40CD-80C0-838E958C502E}.Debug|iPhone.Build.0 = Debug|Any CPU
		{F0A6AA64-FEC3-40CD-80C0-838E958C502E}.Debug|iPhoneSimulator.ActiveCfg = Debug|Any CPU
		{F0A6AA64-FEC3-40CD-80C0-838E958C502E}.Debug|iPhoneSimulator.Build.0 = Debug|Any CPU
		{F0A6AA64-FEC3-40CD-80C0-838E958C502E}.Release|Any CPU.ActiveCfg = Release|Any CPU
		{F0A6AA64-FEC3-40CD-80C0-838E958C502E}.Release|Any CPU.Build.0 = Release|Any CPU
		{F0A6AA64-FEC3-40CD-80C0-838E958C502E}.Release|iPhone.ActiveCfg = Release|Any CPU
		{F0A6AA64-FEC3-40CD-80C0-838E958C502E}.Release|iPhone.Build.0 = Release|Any CPU
		{F0A6AA64-FEC3-40CD-80C0-838E958C502E}.Release|iPhoneSimulator.ActiveCfg = Release|Any CPU
		{F0A6AA64-FEC3-40CD-80C0-838E958C502E}.Release|iPhoneSimulator.Build.0 = Release|Any CPU
		{03C7E175-CDD4-4118-924B-28FA49EC8C2D}.Debug|Any CPU.ActiveCfg = Debug|Any CPU
		{03C7E175-CDD4-4118-924B-28FA49EC8C2D}.Debug|Any CPU.Build.0 = Debug|Any CPU
		{03C7E175-CDD4-4118-924B-28FA49EC8C2D}.Debug|Any CPU.Deploy.0 = Debug|Any CPU
		{03C7E175-CDD4-4118-924B-28FA49EC8C2D}.Debug|iPhone.ActiveCfg = Debug|Any CPU
		{03C7E175-CDD4-4118-924B-28FA49EC8C2D}.Debug|iPhone.Build.0 = Debug|Any CPU
		{03C7E175-CDD4-4118-924B-28FA49EC8C2D}.Debug|iPhone.Deploy.0 = Debug|Any CPU
		{03C7E175-CDD4-4118-924B-28FA49EC8C2D}.Debug|iPhoneSimulator.ActiveCfg = Debug|Any CPU
		{03C7E175-CDD4-4118-924B-28FA49EC8C2D}.Debug|iPhoneSimulator.Build.0 = Debug|Any CPU
		{03C7E175-CDD4-4118-924B-28FA49EC8C2D}.Debug|iPhoneSimulator.Deploy.0 = Debug|Any CPU
		{03C7E175-CDD4-4118-924B-28FA49EC8C2D}.Release|Any CPU.ActiveCfg = Release|Any CPU
		{03C7E175-CDD4-4118-924B-28FA49EC8C2D}.Release|Any CPU.Build.0 = Release|Any CPU
		{03C7E175-CDD4-4118-924B-28FA49EC8C2D}.Release|Any CPU.Deploy.0 = Release|Any CPU
		{03C7E175-CDD4-4118-924B-28FA49EC8C2D}.Release|iPhone.ActiveCfg = Release|Any CPU
		{03C7E175-CDD4-4118-924B-28FA49EC8C2D}.Release|iPhone.Build.0 = Release|Any CPU
		{03C7E175-CDD4-4118-924B-28FA49EC8C2D}.Release|iPhone.Deploy.0 = Release|Any CPU
		{03C7E175-CDD4-4118-924B-28FA49EC8C2D}.Release|iPhoneSimulator.ActiveCfg = Release|Any CPU
		{03C7E175-CDD4-4118-924B-28FA49EC8C2D}.Release|iPhoneSimulator.Build.0 = Release|Any CPU
		{03C7E175-CDD4-4118-924B-28FA49EC8C2D}.Release|iPhoneSimulator.Deploy.0 = Release|Any CPU
		{3CC8B732-9107-449F-8646-7155EA1A0310}.Debug|Any CPU.ActiveCfg = Debug|iPhone
		{3CC8B732-9107-449F-8646-7155EA1A0310}.Debug|iPhone.ActiveCfg = Debug|iPhone
		{3CC8B732-9107-449F-8646-7155EA1A0310}.Debug|iPhone.Build.0 = Debug|iPhone
		{3CC8B732-9107-449F-8646-7155EA1A0310}.Debug|iPhoneSimulator.ActiveCfg = Debug|iPhoneSimulator
		{3CC8B732-9107-449F-8646-7155EA1A0310}.Debug|iPhoneSimulator.Build.0 = Debug|iPhoneSimulator
		{3CC8B732-9107-449F-8646-7155EA1A0310}.Release|Any CPU.ActiveCfg = Release|iPhone
		{3CC8B732-9107-449F-8646-7155EA1A0310}.Release|iPhone.ActiveCfg = Release|iPhone
		{3CC8B732-9107-449F-8646-7155EA1A0310}.Release|iPhone.Build.0 = Release|iPhone
		{3CC8B732-9107-449F-8646-7155EA1A0310}.Release|iPhoneSimulator.ActiveCfg = Release|iPhoneSimulator
		{3CC8B732-9107-449F-8646-7155EA1A0310}.Release|iPhoneSimulator.Build.0 = Release|iPhoneSimulator
		{E745652D-B263-481C-982B-6B1D25F909B7}.Debug|Any CPU.ActiveCfg = Debug|Any CPU
		{E745652D-B263-481C-982B-6B1D25F909B7}.Debug|Any CPU.Build.0 = Debug|Any CPU
		{E745652D-B263-481C-982B-6B1D25F909B7}.Debug|iPhone.ActiveCfg = Debug|Any CPU
		{E745652D-B263-481C-982B-6B1D25F909B7}.Debug|iPhone.Build.0 = Debug|Any CPU
		{E745652D-B263-481C-982B-6B1D25F909B7}.Debug|iPhoneSimulator.ActiveCfg = Debug|Any CPU
		{E745652D-B263-481C-982B-6B1D25F909B7}.Debug|iPhoneSimulator.Build.0 = Debug|Any CPU
		{E745652D-B263-481C-982B-6B1D25F909B7}.Release|Any CPU.ActiveCfg = Release|Any CPU
		{E745652D-B263-481C-982B-6B1D25F909B7}.Release|Any CPU.Build.0 = Release|Any CPU
		{E745652D-B263-481C-982B-6B1D25F909B7}.Release|iPhone.ActiveCfg = Release|Any CPU
		{E745652D-B263-481C-982B-6B1D25F909B7}.Release|iPhone.Build.0 = Release|Any CPU
		{E745652D-B263-481C-982B-6B1D25F909B7}.Release|iPhoneSimulator.ActiveCfg = Release|Any CPU
		{E745652D-B263-481C-982B-6B1D25F909B7}.Release|iPhoneSimulator.Build.0 = Release|Any CPU
	EndGlobalSection
	GlobalSection(SolutionProperties) = preSolution
		HideSolutionNode = FALSE
	EndGlobalSection
	GlobalSection(NestedProjects) = preSolution
		{F0A6AA64-FEC3-40CD-80C0-838E958C502E} = {097C8741-EBBE-46F3-B39A-1E32C8F69B99}
		{B98903EC-4CE5-4D84-8CCD-BB095B1872D7} = {9733B82B-BC49-4951-842E-9EB1CAEB65DE}
		{5E67708E-98DB-4545-B2B7-219529496ED8} = {9733B82B-BC49-4951-842E-9EB1CAEB65DE}
		{03C7E175-CDD4-4118-924B-28FA49EC8C2D} = {5E67708E-98DB-4545-B2B7-219529496ED8}
		{3CC8B732-9107-449F-8646-7155EA1A0310} = {5E67708E-98DB-4545-B2B7-219529496ED8}
		{E745652D-B263-481C-982B-6B1D25F909B7} = {5E67708E-98DB-4545-B2B7-219529496ED8}
	EndGlobalSection
	GlobalSection(ExtensibilityGlobals) = postSolution
		SolutionGuid = {BCA7B1BA-4B40-42E3-9DB5-AE69C71BAE1D}
	EndGlobalSection
EndGlobal
